
Microsoft Visual Studio Solution File, Format Version 12.00
# Visual Studio Version 16
VisualStudioVersion = 16.0.29519.87
MinimumVisualStudioVersion = 10.0.40219.1
Project("{FAE04EC0-301F-11D3-BF4B-00C04F79EFBC}") = "ExceptionHandlerSample", "ExceptionHandlerSample\ExceptionHandlerSample.csproj", "{BDFC10F9-80F2-4080-80BA-135817E0F41C}"
EndProject
Global
	GlobalSection(SolutionConfigurationPlatforms) = preSolution
		Debug|Any CPU = Debug|Any CPU
		Release|Any CPU = Release|Any CPU
	EndGlobalSection
	GlobalSection(ProjectConfigurationPlatforms) = postSolution
		{BDFC10F9-80F2-4080-80BA-135817E0F41C}.Debug|Any CPU.ActiveCfg = Debug|Any CPU
		{BDFC10F9-80F2-4080-80BA-135817E0F41C}.Debug|Any CPU.Build.0 = Debug|Any CPU
		{BDFC10F9-80F2-4080-80BA-135817E0F41C}.Release|Any CPU.ActiveCfg = Release|Any CPU
		{BDFC10F9-80F2-4080-80BA-135817E0F41C}.Release|Any CPU.Build.0 = Release|Any CPU
	EndGlobalSection
	GlobalSection(SolutionProperties) = preSolution
		HideSolutionNode = FALSE
	EndGlobalSection
	GlobalSection(ExtensibilityGlobals) = postSolution
		SolutionGuid = {5EF08E2D-E7C3-486B-828E-1F1D167EC5DA}
	EndGlobalSection
EndGlobal
